# This file is autogenerated, do not edit; changes may be undone by the next 'dep ensure'.


[[projects]]
  branch = "master"
  name = "golang.org/x/crypto"
  packages = [
    "cast5",
    "openpgp",
    "openpgp/armor",
    "openpgp/elgamal",
    "openpgp/errors",
    "openpgp/packet",
    "openpgp/s2k"
  ]
  revision = "182538f80094b6a8efaade63a8fd8e0d9d5843dd"

[solve-meta]
  analyzer-name = "dep"
  analyzer-version = 1
  inputs-digest = "49bc4787e157cac7c5d221da817a10e9ee0c8592040e88059afe5318fa335018"
  solver-name = "gps-cdcl"
  solver-version = 1
